
Microsoft Visual Studio Solution File, Format Version 11.00
# Visual Studio 2010
Project("{FAE04EC0-301F-11D3-BF4B-00C04F79EFBC}") = "Kod H Armstrong Sayı v2.0", "Kod H Armstrong Sayı v2.0\Kod H Armstrong Sayı v2.0.csproj", "{D00F9E61-ED12-4E32-8212-92454EBDBE8F}"
EndProject
Global
	GlobalSection(SolutionConfigurationPlatforms) = preSolution
		Debug|x86 = Debug|x86
		Release|x86 = Release|x86
	EndGlobalSection
	GlobalSection(ProjectConfigurationPlatforms) = postSolution
		{D00F9E61-ED12-4E32-8212-92454EBDBE8F}.Debug|x86.ActiveCfg = Debug|x86
		{D00F9E61-ED12-4E32-8212-92454EBDBE8F}.Debug|x86.Build.0 = Debug|x86
		{D00F9E61-ED12-4E32-8212-92454EBDBE8F}.Release|x86.ActiveCfg = Release|x86
		{D00F9E61-ED12-4E32-8212-92454EBDBE8F}.Release|x86.Build.0 = Release|x86
	EndGlobalSection
	GlobalSection(SolutionProperties) = preSolution
		HideSolutionNode = FALSE
	EndGlobalSection
EndGlobal
